
Microsoft Visual Studio Solution File, Format Version 12.00
# Visual Studio Version 16
VisualStudioVersion = 16.0.29424.173
MinimumVisualStudioVersion = 10.0.40219.1
Project("{FAE04EC0-301F-11D3-BF4B-00C04F79EFBC}") = "DentakuCore", "DentakuCore.csproj", "{8B1BEBB3-622E-4F41-A4E8-BA27D9F09CAF}"
EndProject
Global
	GlobalSection(SolutionConfigurationPlatforms) = preSolution
		Debug|Any CPU = Debug|Any CPU
		Release|Any CPU = Release|Any CPU
	EndGlobalSection
	GlobalSection(ProjectConfigurationPlatforms) = postSolution
		{8B1BEBB3-622E-4F41-A4E8-BA27D9F09CAF}.Debug|Any CPU.ActiveCfg = Debug|Any CPU
		{8B1BEBB3-622E-4F41-A4E8-BA27D9F09CAF}.Debug|Any CPU.Build.0 = Debug|Any CPU
		{8B1BEBB3-622E-4F41-A4E8-BA27D9F09CAF}.Release|Any CPU.ActiveCfg = Release|Any CPU
		{8B1BEBB3-622E-4F41-A4E8-BA27D9F09CAF}.Release|Any CPU.Build.0 = Release|Any CPU
	EndGlobalSection
	GlobalSection(SolutionProperties) = preSolution
		HideSolutionNode = FALSE
	EndGlobalSection
	GlobalSection(ExtensibilityGlobals) = postSolution
		SolutionGuid = {41D2D4AA-D01A-485C-8AE6-6425EB2B7247}
	EndGlobalSection
EndGlobal
